
Microsoft Visual Studio Solution File, Format Version 12.00
# Visual Studio Version 17
VisualStudioVersion = 17.11.35208.52
MinimumVisualStudioVersion = 10.0.40219.1
Project("{FAE04EC0-301F-11D3-BF4B-00C04F79EFBC}") = "Calculo de ventas", "Calculo de ventas\Calculo de ventas.csproj", "{4514D417-DDB4-432C-8033-8B0DE258AC84}"
EndProject
Global
	GlobalSection(SolutionConfigurationPlatforms) = preSolution
		Debug|Any CPU = Debug|Any CPU
		Release|Any CPU = Release|Any CPU
	EndGlobalSection
	GlobalSection(ProjectConfigurationPlatforms) = postSolution
		{4514D417-DDB4-432C-8033-8B0DE258AC84}.Debug|Any CPU.ActiveCfg = Debug|Any CPU
		{4514D417-DDB4-432C-8033-8B0DE258AC84}.Debug|Any CPU.Build.0 = Debug|Any CPU
		{4514D417-DDB4-432C-8033-8B0DE258AC84}.Release|Any CPU.ActiveCfg = Release|Any CPU
		{4514D417-DDB4-432C-8033-8B0DE258AC84}.Release|Any CPU.Build.0 = Release|Any CPU
	EndGlobalSection
	GlobalSection(SolutionProperties) = preSolution
		HideSolutionNode = FALSE
	EndGlobalSection
	GlobalSection(ExtensibilityGlobals) = postSolution
		SolutionGuid = {7F01E7C8-6CEE-4EF2-8747-C08AD0EB03F1}
	EndGlobalSection
EndGlobal
